// !$*UTF8*$!
{
	archiveVersion = 1;
	classes = {
	};
	objectVersion = 56;
	objects = {

/* Begin PBXBuildFile section */
		0916FA522BCCD0D6003260FC /* APICallPropertyDependencyInjectionApp.swift in Sources */ = {isa = PBXBuildFile; fileRef = 0916FA512BCCD0D6003260FC /* APICallPropertyDependencyInjectionApp.swift */; };
		0916FA542BCCD0D6003260FC /* ContentView.swift in Sources */ = {isa = PBXBuildFile; fileRef = 0916FA532BCCD0D6003260FC /* ContentView.swift */; };
		0916FA562BCCD0D9003260FC /* Assets.xcassets in Resources */ = {isa = PBXBuildFile; fileRef = 0916FA552BCCD0D9003260FC /* Assets.xcassets */; };
		0916FA592BCCD0D9003260FC /* Preview Assets.xcassets in Resources */ = {isa = PBXBuildFile; fileRef = 0916FA582BCCD0D9003260FC /* Preview Assets.xcassets */; };
		0916FA632BCCD261003260FC /* LSView.swift in Sources */ = {isa = PBXBuildFile; fileRef = 0916FA622BCCD261003260FC /* LSView.swift */; };
		0916FA652BCCD26E003260FC /* ASView.swift in Sources */ = {isa = PBXBuildFile; fileRef = 0916FA642BCCD26E003260FC /* ASView.swift */; };
		0916FA692BCD924D003260FC /* NetworkingServiceProtocol.swift in Sources */ = {isa = PBXBuildFile; fileRef = 0916FA682BCD924D003260FC /* NetworkingServiceProtocol.swift */; };
		0916FA6F2BCD94D9003260FC /* NetworkingService.swift in Sources */ = {isa = PBXBuildFile; fileRef = 0916FA6E2BCD94D9003260FC /* NetworkingService.swift */; };
		0916FA712BCD9516003260FC /* MockNetworkingService.swift in Sources */ = {isa = PBXBuildFile; fileRef = 0916FA702BCD9516003260FC /* MockNetworkingService.swift */; };
		0916FA742BCD9696003260FC /* CustomErrors.swift in Sources */ = {isa = PBXBuildFile; fileRef = 0916FA732BCD9696003260FC /* CustomErrors.swift */; };
		0916FA762BCD972A003260FC /* BuildURLConstants.swift in Sources */ = {isa = PBXBuildFile; fileRef = 0916FA752BCD972A003260FC /* BuildURLConstants.swift */; };
		0916FA782BCD9788003260FC /* AcronymList.swift in Sources */ = {isa = PBXBuildFile; fileRef = 0916FA772BCD9788003260FC /* AcronymList.swift */; };
		0916FA7A2BCD99A0003260FC /* LSViewModel.swift in Sources */ = {isa = PBXBuildFile; fileRef = 0916FA792BCD99A0003260FC /* LSViewModel.swift */; };
		0916FA7C2BCD9ACC003260FC /* ASViewModel.swift in Sources */ = {isa = PBXBuildFile; fileRef = 0916FA7B2BCD9ACC003260FC /* ASViewModel.swift */; };
/* End PBXBuildFile section */

/* Begin PBXFileReference section */
		0916FA4E2BCCD0D6003260FC /* APICallPropertyDependencyInjection.app */ = {isa = PBXFileReference; explicitFileType = wrapper.application; includeInIndex = 0; path = APICallPropertyDependencyInjection.app; sourceTree = BUILT_PRODUCTS_DIR; };
		0916FA512BCCD0D6003260FC /* APICallPropertyDependencyInjectionApp.swift */ = {isa = PBXFileReference; lastKnownFileType = sourcecode.swift; path = APICallPropertyDependencyInjectionApp.swift; sourceTree = "<group>"; };
		0916FA532BCCD0D6003260FC /* ContentView.swift */ = {isa = PBXFileReference; lastKnownFileType = sourcecode.swift; path = ContentView.swift; sourceTree = "<group>"; };
		0916FA552BCCD0D9003260FC /* Assets.xcassets */ = {isa = PBXFileReference; lastKnownFileType = folder.assetcatalog; path = Assets.xcassets; sourceTree = "<group>"; };
		0916FA582BCCD0D9003260FC /* Preview Assets.xcassets */ = {isa = PBXFileReference; lastKnownFileType = folder.assetcatalog; path = "Preview Assets.xcassets"; sourceTree = "<group>"; };
		0916FA622BCCD261003260FC /* LSView.swift */ = {isa = PBXFileReference; lastKnownFileType = sourcecode.swift; path = LSView.swift; sourceTree = "<group>"; };
		0916FA642BCCD26E003260FC /* ASView.swift */ = {isa = PBXFileReference; lastKnownFileType = sourcecode.swift; path = ASView.swift; sourceTree = "<group>"; };
		0916FA682BCD924D003260FC /* NetworkingServiceProtocol.swift */ = {isa = PBXFileReference; lastKnownFileType = sourcecode.swift; path = NetworkingServiceProtocol.swift; sourceTree = "<group>"; };
		0916FA6E2BCD94D9003260FC /* NetworkingService.swift */ = {isa = PBXFileReference; lastKnownFileType = sourcecode.swift; path = NetworkingService.swift; sourceTree = "<group>"; };
		0916FA702BCD9516003260FC /* MockNetworkingService.swift */ = {isa = PBXFileReference; lastKnownFileType = sourcecode.swift; path = MockNetworkingService.swift; sourceTree = "<group>"; };
		0916FA732BCD9696003260FC /* CustomErrors.swift */ = {isa = PBXFileReference; lastKnownFileType = sourcecode.swift; path = CustomErrors.swift; sourceTree = "<group>"; };
		0916FA752BCD972A003260FC /* BuildURLConstants.swift */ = {isa = PBXFileReference; lastKnownFileType = sourcecode.swift; path = BuildURLConstants.swift; sourceTree = "<group>"; };
		0916FA772BCD9788003260FC /* AcronymList.swift */ = {isa = PBXFileReference; lastKnownFileType = sourcecode.swift; path = AcronymList.swift; sourceTree = "<group>"; };
		0916FA792BCD99A0003260FC /* LSViewModel.swift */ = {isa = PBXFileReference; lastKnownFileType = sourcecode.swift; path = LSViewModel.swift; sourceTree = "<group>"; };
		0916FA7B2BCD9ACC003260FC /* ASViewModel.swift */ = {isa = PBXFileReference; lastKnownFileType = sourcecode.swift; path = ASViewModel.swift; sourceTree = "<group>"; };
		0916FA7D2BCDA0AF003260FC /* Info.plist */ = {isa = PBXFileReference; lastKnownFileType = text.plist; path = Info.plist; sourceTree = "<group>"; };
/* End PBXFileReference section */

/* Begin PBXFrameworksBuildPhase section */
		0916FA4B2BCCD0D6003260FC /* Frameworks */ = {
			isa = PBXFrameworksBuildPhase;
			buildActionMask = 2147483647;
			files = (
			);
			runOnlyForDeploymentPostprocessing = 0;
		};
/* End PBXFrameworksBuildPhase section */

/* Begin PBXGroup section */
		0916FA452BCCD0D6003260FC = {
			isa = PBXGroup;
			children = (
				0916FA502BCCD0D6003260FC /* APICallPropertyDependencyInjection */,
				0916FA4F2BCCD0D6003260FC /* Products */,
			);
			sourceTree = "<group>";
		};
		0916FA4F2BCCD0D6003260FC /* Products */ = {
			isa = PBXGroup;
			children = (
				0916FA4E2BCCD0D6003260FC /* APICallPropertyDependencyInjection.app */,
			);
			name = Products;
			sourceTree = "<group>";
		};
		0916FA502BCCD0D6003260FC /* APICallPropertyDependencyInjection */ = {
			isa = PBXGroup;
			children = (
				0916FA7D2BCDA0AF003260FC /* Info.plist */,
				0916FA722BCD9683003260FC /* Utilities */,
				0916FA672BCD9214003260FC /* Protocols */,
				0916FA662BCD8C02003260FC /* NetworkingService */,
				0916FA612BCCD1A7003260FC /* ViewModels */,
				0916FA602BCCD19E003260FC /* Views */,
				0916FA5F2BCCD142003260FC /* Models */,
				0916FA512BCCD0D6003260FC /* APICallPropertyDependencyInjectionApp.swift */,
				0916FA552BCCD0D9003260FC /* Assets.xcassets */,
				0916FA572BCCD0D9003260FC /* Preview Content */,
			);
			path = APICallPropertyDependencyInjection;
			sourceTree = "<group>";
		};
		0916FA572BCCD0D9003260FC /* Preview Content */ = {
			isa = PBXGroup;
			children = (
				0916FA582BCCD0D9003260FC /* Preview Assets.xcassets */,
			);
			path = "Preview Content";
			sourceTree = "<group>";
		};
		0916FA5F2BCCD142003260FC /* Models */ = {
			isa = PBXGroup;
			children = (
				0916FA772BCD9788003260FC /* AcronymList.swift */,
			);
			path = Models;
			sourceTree = "<group>";
		};
		0916FA602BCCD19E003260FC /* Views */ = {
			isa = PBXGroup;
			children = (
				0916FA532BCCD0D6003260FC /* ContentView.swift */,
				0916FA622BCCD261003260FC /* LSView.swift */,
				0916FA642BCCD26E003260FC /* ASView.swift */,
			);
			path = Views;
			sourceTree = "<group>";
		};
		0916FA612BCCD1A7003260FC /* ViewModels */ = {
			isa = PBXGroup;
			children = (
				0916FA792BCD99A0003260FC /* LSViewModel.swift */,
				0916FA7B2BCD9ACC003260FC /* ASViewModel.swift */,
			);
			path = ViewModels;
			sourceTree = "<group>";
		};
		0916FA662BCD8C02003260FC /* NetworkingService */ = {
			isa = PBXGroup;
			children = (
				0916FA6E2BCD94D9003260FC /* NetworkingService.swift */,
				0916FA702BCD9516003260FC /* MockNetworkingService.swift */,
			);
			path = NetworkingService;
			sourceTree = "<group>";
		};
		0916FA672BCD9214003260FC /* Protocols */ = {
			isa = PBXGroup;
			children = (
				0916FA682BCD924D003260FC /* NetworkingServiceProtocol.swift */,
			);
			path = Protocols;
			sourceTree = "<group>";
		};
		0916FA722BCD9683003260FC /* Utilities */ = {
			isa = PBXGroup;
			children = (
				0916FA732BCD9696003260FC /* CustomErrors.swift */,
				0916FA752BCD972A003260FC /* BuildURLConstants.swift */,
			);
			path = Utilities;
			sourceTree = "<group>";
		};
/* End PBXGroup section */

/* Begin PBXNativeTarget section */
		0916FA4D2BCCD0D6003260FC /* APICallPropertyDependencyInjection */ = {
			isa = PBXNativeTarget;
			buildConfigurationList = 0916FA5C2BCCD0D9003260FC /* Build configuration list for PBXNativeTarget "APICallPropertyDependencyInjection" */;
			buildPhases = (
				0916FA4A2BCCD0D6003260FC /* Sources */,
				0916FA4B2BCCD0D6003260FC /* Frameworks */,
				0916FA4C2BCCD0D6003260FC /* Resources */,
			);
			buildRules = (
			);
			dependencies = (
			);
			name = APICallPropertyDependencyInjection;
			productName = APICallPropertyDependencyInjection;
			productReference = 0916FA4E2BCCD0D6003260FC /* APICallPropertyDependencyInjection.app */;
			productType = "com.apple.product-type.application";
		};
/* End PBXNativeTarget section */

/* Begin PBXProject section */
		0916FA462BCCD0D6003260FC /* Project object */ = {
			isa = PBXProject;
			attributes = {
				BuildIndependentTargetsInParallel = 1;
				LastSwiftUpdateCheck = 1530;
				LastUpgradeCheck = 1530;
				TargetAttributes = {
					0916FA4D2BCCD0D6003260FC = {
						CreatedOnToolsVersion = 15.3;
					};
				};
			};
			buildConfigurationList = 0916FA492BCCD0D6003260FC /* Build configuration list for PBXProject "APICallPropertyDependencyInjection" */;
			compatibilityVersion = "Xcode 14.0";
			developmentRegion = en;
			hasScannedForEncodings = 0;
			knownRegions = (
				en,
				Base,
			);
			mainGroup = 0916FA452BCCD0D6003260FC;
			productRefGroup = 0916FA4F2BCCD0D6003260FC /* Products */;
			projectDirPath = "";
			projectRoot = "";
			targets = (
				0916FA4D2BCCD0D6003260FC /* APICallPropertyDependencyInjection */,
			);
		};
/* End PBXProject section */

/* Begin PBXResourcesBuildPhase section */
		0916FA4C2BCCD0D6003260FC /* Resources */ = {
			isa = PBXResourcesBuildPhase;
			buildActionMask = 2147483647;
			files = (
				0916FA592BCCD0D9003260FC /* Preview Assets.xcassets in Resources */,
				0916FA562BCCD0D9003260FC /* Assets.xcassets in Resources */,
			);
			runOnlyForDeploymentPostprocessing = 0;
		};
/* End PBXResourcesBuildPhase section */

/* Begin PBXSourcesBuildPhase section */
		0916FA4A2BCCD0D6003260FC /* Sources */ = {
			isa = PBXSourcesBuildPhase;
			buildActionMask = 2147483647;
			files = (
				0916FA7C2BCD9ACC003260FC /* ASViewModel.swift in Sources */,
				0916FA7A2BCD99A0003260FC /* LSViewModel.swift in Sources */,
				0916FA712BCD9516003260FC /* MockNetworkingService.swift in Sources */,
				0916FA782BCD9788003260FC /* AcronymList.swift in Sources */,
				0916FA692BCD924D003260FC /* NetworkingServiceProtocol.swift in Sources */,
				0916FA542BCCD0D6003260FC /* ContentView.swift in Sources */,
				0916FA632BCCD261003260FC /* LSView.swift in Sources */,
				0916FA6F2BCD94D9003260FC /* NetworkingService.swift in Sources */,
				0916FA742BCD9696003260FC /* CustomErrors.swift in Sources */,
				0916FA652BCCD26E003260FC /* ASView.swift in Sources */,
				0916FA762BCD972A003260FC /* BuildURLConstants.swift in Sources */,
				0916FA522BCCD0D6003260FC /* APICallPropertyDependencyInjectionApp.swift in Sources */,
			);
			runOnlyForDeploymentPostprocessing = 0;
		};
/* End PBXSourcesBuildPhase section */

/* Begin XCBuildConfiguration section */
		0916FA5A2BCCD0D9003260FC /* Debug */ = {
			isa = XCBuildConfiguration;
			buildSettings = {
				ALWAYS_SEARCH_USER_PATHS = NO;
				ASSETCATALOG_COMPILER_GENERATE_SWIFT_ASSET_SYMBOL_EXTENSIONS = YES;
				CLANG_ANALYZER_NONNULL = YES;
				CLANG_ANALYZER_NUMBER_OBJECT_CONVERSION = YES_AGGRESSIVE;
				CLANG_CXX_LANGUAGE_STANDARD = "gnu++20";
				CLANG_ENABLE_MODULES = YES;
				CLANG_ENABLE_OBJC_ARC = YES;
				CLANG_ENABLE_OBJC_WEAK = YES;
				CLANG_WARN_BLOCK_CAPTURE_AUTORELEASING = YES;
				CLANG_WARN_BOOL_CONVERSION = YES;
				CLANG_WARN_COMMA = YES;
				CLANG_WARN_CONSTANT_CONVERSION = YES;
				CLANG_WARN_DEPRECATED_OBJC_IMPLEMENTATIONS = YES;
				CLANG_WARN_DIRECT_OBJC_ISA_USAGE = YES_ERROR;
				CLANG_WARN_DOCUMENTATION_COMMENTS = YES;
				CLANG_WARN_EMPTY_BODY = YES;
				CLANG_WARN_ENUM_CONVERSION = YES;
				CLANG_WARN_INFINITE_RECURSION = YES;
				CLANG_WARN_INT_CONVERSION = YES;
				CLANG_WARN_NON_LITERAL_NULL_CONVERSION = YES;
				CLANG_WARN_OBJC_IMPLICIT_RETAIN_SELF = YES;
				CLANG_WARN_OBJC_LITERAL_CONVERSION = YES;
				CLANG_WARN_OBJC_ROOT_CLASS = YES_ERROR;
				CLANG_WARN_QUOTED_INCLUDE_IN_FRAMEWORK_HEADER = YES;
				CLANG_WARN_RANGE_LOOP_ANALYSIS = YES;
				CLANG_WARN_STRICT_PROTOTYPES = YES;
				CLANG_WARN_SUSPICIOUS_MOVE = YES;
				CLANG_WARN_UNGUARDED_AVAILABILITY = YES_AGGRESSIVE;
				CLANG_WARN_UNREACHABLE_CODE = YES;
				CLANG_WARN__DUPLICATE_METHOD_MATCH = YES;
				COPY_PHASE_STRIP = NO;
				DEBUG_INFORMATION_FORMAT = dwarf;
				ENABLE_STRICT_OBJC_MSGSEND = YES;
				ENABLE_TESTABILITY = YES;
				ENABLE_USER_SCRIPT_SANDBOXING = YES;
				GCC_C_LANGUAGE_STANDARD = gnu17;
				GCC_DYNAMIC_NO_PIC = NO;
				GCC_NO_COMMON_BLOCKS = YES;
				GCC_OPTIMIZATION_LEVEL = 0;
				GCC_PREPROCESSOR_DEFINITIONS = (
					"DEBUG=1",
					"$(inherited)",
				);
				GCC_WARN_64_TO_32_BIT_CONVERSION = YES;
				GCC_WARN_ABOUT_RETURN_TYPE = YES_ERROR;
				GCC_WARN_UNDECLARED_SELECTOR = YES;
				GCC_WARN_UNINITIALIZED_AUTOS = YES_AGGRESSIVE;
				GCC_WARN_UNUSED_FUNCTION = YES;
				GCC_WARN_UNUSED_VARIABLE = YES;
				IPHONEOS_DEPLOYMENT_TARGET = 17.4;
				LOCALIZATION_PREFERS_STRING_CATALOGS = YES;
				MTL_ENABLE_DEBUG_INFO = INCLUDE_SOURCE;
				MTL_FAST_MATH = YES;
				ONLY_ACTIVE_ARCH = YES;
				SDKROOT = iphoneos;
				SWIFT_ACTIVE_COMPILATION_CONDITIONS = "DEBUG $(inherited)";
				SWIFT_OPTIMIZATION_LEVEL = "-Onone";
			};
			name = Debug;
		};
		0916FA5B2BCCD0D9003260FC /* Release */ = {
			isa = XCBuildConfiguration;
			buildSettings = {
				ALWAYS_SEARCH_USER_PATHS = NO;
				ASSETCATALOG_COMPILER_GENERATE_SWIFT_ASSET_SYMBOL_EXTENSIONS = YES;
				CLANG_ANALYZER_NONNULL = YES;
				CLANG_ANALYZER_NUMBER_OBJECT_CONVERSION = YES_AGGRESSIVE;
				CLANG_CXX_LANGUAGE_STANDARD = "gnu++20";
				CLANG_ENABLE_MODULES = YES;
				CLANG_ENABLE_OBJC_ARC = YES;
				CLANG_ENABLE_OBJC_WEAK = YES;
				CLANG_WARN_BLOCK_CAPTURE_AUTORELEASING = YES;
				CLANG_WARN_BOOL_CONVERSION = YES;
				CLANG_WARN_COMMA = YES;
				CLANG_WARN_CONSTANT_CONVERSION = YES;
				CLANG_WARN_DEPRECATED_OBJC_IMPLEMENTATIONS = YES;
				CLANG_WARN_DIRECT_OBJC_ISA_USAGE = YES_ERROR;
				CLANG_WARN_DOCUMENTATION_COMMENTS = YES;
				CLANG_WARN_EMPTY_BODY = YES;
				CLANG_WARN_ENUM_CONVERSION = YES;
				CLANG_WARN_INFINITE_RECURSION = YES;
				CLANG_WARN_INT_CONVERSION = YES;
				CLANG_WARN_NON_LITERAL_NULL_CONVERSION = YES;
				CLANG_WARN_OBJC_IMPLICIT_RETAIN_SELF = YES;
				CLANG_WARN_OBJC_LITERAL_CONVERSION = YES;
				CLANG_WARN_OBJC_ROOT_CLASS = YES_ERROR;
				CLANG_WARN_QUOTED_INCLUDE_IN_FRAMEWORK_HEADER = YES;
				CLANG_WARN_RANGE_LOOP_ANALYSIS = YES;
				CLANG_WARN_STRICT_PROTOTYPES = YES;
				CLANG_WARN_SUSPICIOUS_MOVE = YES;
				CLANG_WARN_UNGUARDED_AVAILABILITY = YES_AGGRESSIVE;
				CLANG_WARN_UNREACHABLE_CODE = YES;
				CLANG_WARN__DUPLICATE_METHOD_MATCH = YES;
				COPY_PHASE_STRIP = NO;
				DEBUG_INFORMATION_FORMAT = "dwarf-with-dsym";
				ENABLE_NS_ASSERTIONS = NO;
				ENABLE_STRICT_OBJC_MSGSEND = YES;
				ENABLE_USER_SCRIPT_SANDBOXING = YES;
				GCC_C_LANGUAGE_STANDARD = gnu17;
				GCC_NO_COMMON_BLOCKS = YES;
				GCC_WARN_64_TO_32_BIT_CONVERSION = YES;
				GCC_WARN_ABOUT_RETURN_TYPE = YES_ERROR;
				GCC_WARN_UNDECLARED_SELECTOR = YES;
				GCC_WARN_UNINITIALIZED_AUTOS = YES_AGGRESSIVE;
				GCC_WARN_UNUSED_FUNCTION = YES;
				GCC_WARN_UNUSED_VARIABLE = YES;
				IPHONEOS_DEPLOYMENT_TARGET = 17.4;
				LOCALIZATION_PREFERS_STRING_CATALOGS = YES;
				MTL_ENABLE_DEBUG_INFO = NO;
				MTL_FAST_MATH = YES;
				SDKROOT = iphoneos;
				SWIFT_COMPILATION_MODE = wholemodule;
				VALIDATE_PRODUCT = YES;
			};
			name = Release;
		};
		0916FA5D2BCCD0D9003260FC /* Debug */ = {
			isa = XCBuildConfiguration;
			buildSettings = {
				ASSETCATALOG_COMPILER_APPICON_NAME = AppIcon;
				ASSETCATALOG_COMPILER_GLOBAL_ACCENT_COLOR_NAME = AccentColor;
				CODE_SIGN_STYLE = Automatic;
				CURRENT_PROJECT_VERSION = 1;
				DEVELOPMENT_ASSET_PATHS = "\"APICallPropertyDependencyInjection/Preview Content\"";
				DEVELOPMENT_TEAM = 93TAG27MAJ;
				ENABLE_PREVIEWS = YES;
				GENERATE_INFOPLIST_FILE = YES;
				INFOPLIST_FILE = APICallPropertyDependencyInjection/Info.plist;
				INFOPLIST_KEY_UIApplicationSceneManifest_Generation = YES;
				INFOPLIST_KEY_UIApplicationSupportsIndirectInputEvents = YES;
				INFOPLIST_KEY_UILaunchScreen_Generation = YES;
				INFOPLIST_KEY_UISupportedInterfaceOrientations_iPad = "UIInterfaceOrientationPortrait UIInterfaceOrientationPortraitUpsideDown UIInterfaceOrientationLandscapeLeft UIInterfaceOrientationLandscapeRight";
				INFOPLIST_KEY_UISupportedInterfaceOrientations_iPhone = "UIInterfaceOrientationPortrait UIInterfaceOrientationLandscapeLeft UIInterfaceOrientationLandscapeRight";
				LD_RUNPATH_SEARCH_PATHS = (
					"$(inherited)",
					"@executable_path/Frameworks",
				);
				MARKETING_VERSION = 1.0;
				PRODUCT_BUNDLE_IDENTIFIER = pragmatic.APICallPropertyDependencyInjection;
				PRODUCT_NAME = "$(TARGET_NAME)";
				SWIFT_EMIT_LOC_STRINGS = YES;
				SWIFT_VERSION = 5.0;
				TARGETED_DEVICE_FAMILY = "1,2";
			};
			name = Debug;
		};
		0916FA5E2BCCD0D9003260FC /* Release */ = {
			isa = XCBuildConfiguration;
			buildSettings = {
				ASSETCATALOG_COMPILER_APPICON_NAME = AppIcon;
				ASSETCATALOG_COMPILER_GLOBAL_ACCENT_COLOR_NAME = AccentColor;
				CODE_SIGN_STYLE = Automatic;
				CURRENT_PROJECT_VERSION = 1;
				DEVELOPMENT_ASSET_PATHS = "\"APICallPropertyDependencyInjection/Preview Content\"";
				DEVELOPMENT_TEAM = 93TAG27MAJ;
				ENABLE_PREVIEWS = YES;
				GENERATE_INFOPLIST_FILE = YES;
				INFOPLIST_FILE = APICallPropertyDependencyInjection/Info.plist;
				INFOPLIST_KEY_UIApplicationSceneManifest_Generation = YES;
				INFOPLIST_KEY_UIApplicationSupportsIndirectInputEvents = YES;
				INFOPLIST_KEY_UILaunchScreen_Generation = YES;
				INFOPLIST_KEY_UISupportedInterfaceOrientations_iPad = "UIInterfaceOrientationPortrait UIInterfaceOrientationPortraitUpsideDown UIInterfaceOrientationLandscapeLeft UIInterfaceOrientationLandscapeRight";
				INFOPLIST_KEY_UISupportedInterfaceOrientations_iPhone = "UIInterfaceOrientationPortrait UIInterfaceOrientationLandscapeLeft UIInterfaceOrientationLandscapeRight";
				LD_RUNPATH_SEARCH_PATHS = (
					"$(inherited)",
					"@executable_path/Frameworks",
				);
				MARKETING_VERSION = 1.0;
				PRODUCT_BUNDLE_IDENTIFIER = pragmatic.APICallPropertyDependencyInjection;
				PRODUCT_NAME = "$(TARGET_NAME)";
				SWIFT_EMIT_LOC_STRINGS = YES;
				SWIFT_VERSION = 5.0;
				TARGETED_DEVICE_FAMILY = "1,2";
			};
			name = Release;
		};
/* End XCBuildConfiguration section */

/* Begin XCConfigurationList section */
		0916FA492BCCD0D6003260FC /* Build configuration list for PBXProject "APICallPropertyDependencyInjection" */ = {
			isa = XCConfigurationList;
			buildConfigurations = (
				0916FA5A2BCCD0D9003260FC /* Debug */,
				0916FA5B2BCCD0D9003260FC /* Release */,
			);
			defaultConfigurationIsVisible = 0;
			defaultConfigurationName = Release;
		};
		0916FA5C2BCCD0D9003260FC /* Build configuration list for PBXNativeTarget "APICallPropertyDependencyInjection" */ = {
			isa = XCConfigurationList;
			buildConfigurations = (
				0916FA5D2BCCD0D9003260FC /* Debug */,
				0916FA5E2BCCD0D9003260FC /* Release */,
			);
			defaultConfigurationIsVisible = 0;
			defaultConfigurationName = Release;
		};
/* End XCConfigurationList section */
	};
	rootObject = 0916FA462BCCD0D6003260FC /* Project object */;
}
